
Microsoft Visual Studio Solution File, Format Version 12.00
# Visual Studio Version 17
VisualStudioVersion = 17.13.35931.197 d17.13
MinimumVisualStudioVersion = 10.0.40219.1
Project("{FAE04EC0-301F-11D3-BF4B-00C04F79EFBC}") = "back-end", "back-end.csproj", "{42AFE2E2-489D-4781-970C-C84BC75C9831}"
EndProject
Global
	GlobalSection(SolutionConfigurationPlatforms) = preSolution
		Debug|Any CPU = Debug|Any CPU
		Release|Any CPU = Release|Any CPU
	EndGlobalSection
	GlobalSection(ProjectConfigurationPlatforms) = postSolution
		{42AFE2E2-489D-4781-970C-C84BC75C9831}.Debug|Any CPU.ActiveCfg = Debug|Any CPU
		{42AFE2E2-489D-4781-970C-C84BC75C9831}.Debug|Any CPU.Build.0 = Debug|Any CPU
		{42AFE2E2-489D-4781-970C-C84BC75C9831}.Release|Any CPU.ActiveCfg = Release|Any CPU
		{42AFE2E2-489D-4781-970C-C84BC75C9831}.Release|Any CPU.Build.0 = Release|Any CPU
	EndGlobalSection
	GlobalSection(SolutionProperties) = preSolution
		HideSolutionNode = FALSE
	EndGlobalSection
	GlobalSection(ExtensibilityGlobals) = postSolution
		SolutionGuid = {57F05C81-78BC-4720-A29A-AA0AD8A56365}
	EndGlobalSection
EndGlobal
